
Microsoft Visual Studio Solution File, Format Version 12.00
# Visual Studio Version 16
VisualStudioVersion = 16.0.30523.141
MinimumVisualStudioVersion = 10.0.40219.1
Project("{8BC9CEB8-8B4A-11D0-8D11-00A0C91BC942}") = "Algorithm", "Algorithm\Algorithm.vcxproj", "{293FA47E-A81B-4B3E-BBBC-57DC757B9277}"
EndProject
Global
	GlobalSection(SolutionConfigurationPlatforms) = preSolution
		Debug|x64 = Debug|x64
		Debug|x86 = Debug|x86
		Release|x64 = Release|x64
		Release|x86 = Release|x86
	EndGlobalSection
	GlobalSection(ProjectConfigurationPlatforms) = postSolution
		{293FA47E-A81B-4B3E-BBBC-57DC757B9277}.Debug|x64.ActiveCfg = Debug|x64
		{293FA47E-A81B-4B3E-BBBC-57DC757B9277}.Debug|x64.Build.0 = Debug|x64
		{293FA47E-A81B-4B3E-BBBC-57DC757B9277}.Debug|x86.ActiveCfg = Debug|Win32
		{293FA47E-A81B-4B3E-BBBC-57DC757B9277}.Debug|x86.Build.0 = Debug|Win32
		{293FA47E-A81B-4B3E-BBBC-57DC757B9277}.Release|x64.ActiveCfg = Release|x64
		{293FA47E-A81B-4B3E-BBBC-57DC757B9277}.Release|x64.Build.0 = Release|x64
		{293FA47E-A81B-4B3E-BBBC-57DC757B9277}.Release|x86.ActiveCfg = Release|Win32
		{293FA47E-A81B-4B3E-BBBC-57DC757B9277}.Release|x86.Build.0 = Release|Win32
	EndGlobalSection
	GlobalSection(SolutionProperties) = preSolution
		HideSolutionNode = FALSE
	EndGlobalSection
	GlobalSection(ExtensibilityGlobals) = postSolution
		SolutionGuid = {6C7F364F-D624-4CC9-A2CF-81FD0BD6B853}
	EndGlobalSection
EndGlobal
